{
    "name": "helloworld",
    "version": "1.0.0",
    "lockfileVersion": 1,
    "requires": true,
    "dependencies": {
        "cordova-plugin-vibration": {
            "version": "3.0.1",
            "resolved": "https://registry.npmjs.org/cordova-plugin-vibration/-/cordova-plugin-vibration-3.0.1.tgz",
            "integrity": "sha1-yOmUBvBHyUCbBQMKITsb7EQVbBI="
        }
    }
}
